{
  "name": "numerical",
  "version": "1.0.0",
  "lockfileVersion": 1,
  "requires": true,
  "dependencies": {
    "gaussian-elimination": {
      "version": "1.0.2",
      "resolved": "https://registry.npmjs.org/gaussian-elimination/-/gaussian-elimination-1.0.2.tgz",
      "integrity": "sha512-HNmC6VjHLOkfLoVH22uqEVsmkl5yA3E2h625iZgGhkHqLdjPgyuv6fKP95V9dSWL8p29pZXl/u9hr1x06kL9uQ=="
    }
  }
}
